{
	"name": "mozilla-observatory-action",
	"version": "1.0.0",
	"lockfileVersion": 3,
	"requires": true,
	"packages": {
		"": {
			"name": "mozilla-observatory-action",
			"version": "1.0.0",
			"license": "ISC",
			"dependencies": {
				"@actions/core": "^1.11.1"
			},
			"devDependencies": {
				"@types/node": "^22.10.1",
				"@vercel/ncc": "^0.38.3",
				"lefthook": "^1.8.5",
				"typescript": "^5.7.2"
			}
		},
		"node_modules/@actions/core": {
			"version": "1.11.1",
			"resolved": "https://registry.npmjs.org/@actions/core/-/core-1.11.1.tgz",
			"integrity": "sha512-hXJCSrkwfA46Vd9Z3q4cpEpHB1rL5NG04+/rbqW9d3+CSvtB1tYe8UTpAlixa1vj0m/ULglfEK2UKxMGxCxv5A==",
			"license": "MIT",
			"dependencies": {
				"@actions/exec": "^1.1.1",
				"@actions/http-client": "^2.0.1"
			}
		},
		"node_modules/@actions/exec": {
			"version": "1.1.1",
			"resolved": "https://registry.npmjs.org/@actions/exec/-/exec-1.1.1.tgz",
			"integrity": "sha512-+sCcHHbVdk93a0XT19ECtO/gIXoxvdsgQLzb2fE2/5sIZmWQuluYyjPQtrtTHdU1YzTZ7bAPN4sITq2xi1679w==",
			"license": "MIT",
			"dependencies": {
				"@actions/io": "^1.0.1"
			}
		},
		"node_modules/@actions/http-client": {
			"version": "2.2.3",
			"resolved": "https://registry.npmjs.org/@actions/http-client/-/http-client-2.2.3.tgz",
			"integrity": "sha512-mx8hyJi/hjFvbPokCg4uRd4ZX78t+YyRPtnKWwIl+RzNaVuFpQHfmlGVfsKEJN8LwTCvL+DfVgAM04XaHkm6bA==",
			"license": "MIT",
			"dependencies": {
				"tunnel": "^0.0.6",
				"undici": "^5.25.4"
			}
		},
		"node_modules/@actions/io": {
			"version": "1.1.3",
			"resolved": "https://registry.npmjs.org/@actions/io/-/io-1.1.3.tgz",
			"integrity": "sha512-wi9JjgKLYS7U/z8PPbco+PvTb/nRWjeoFlJ1Qer83k/3C5PHQi28hiVdeE2kHXmIL99mQFawx8qt/JPjZilJ8Q==",
			"license": "MIT"
		},
		"node_modules/@fastify/busboy": {
			"version": "2.1.1",
			"resolved": "https://registry.npmjs.org/@fastify/busboy/-/busboy-2.1.1.tgz",
			"integrity": "sha512-vBZP4NlzfOlerQTnba4aqZoMhE/a9HY7HRqoOPaETQcSQuWEIyZMHGfVu6w9wGtGK5fED5qRs2DteVCjOH60sA==",
			"license": "MIT",
			"engines": {
				"node": ">=14"
			}
		},
		"node_modules/@types/node": {
			"version": "22.10.1",
			"resolved": "https://registry.npmjs.org/@types/node/-/node-22.10.1.tgz",
			"integrity": "sha512-qKgsUwfHZV2WCWLAnVP1JqnpE6Im6h3Y0+fYgMTasNQ7V++CBX5OT1as0g0f+OyubbFqhf6XVNIsmN4IIhEgGQ==",
			"dev": true,
			"license": "MIT",
			"dependencies": {
				"undici-types": "~6.20.0"
			}
		},
		"node_modules/@vercel/ncc": {
			"version": "0.38.3",
			"resolved": "https://registry.npmjs.org/@vercel/ncc/-/ncc-0.38.3.tgz",
			"integrity": "sha512-rnK6hJBS6mwc+Bkab+PGPs9OiS0i/3kdTO+CkI8V0/VrW3vmz7O2Pxjw/owOlmo6PKEIxRSeZKv/kuL9itnpYA==",
			"dev": true,
			"license": "MIT",
			"bin": {
				"ncc": "dist/ncc/cli.js"
			}
		},
		"node_modules/lefthook": {
			"version": "1.8.5",
			"resolved": "https://registry.npmjs.org/lefthook/-/lefthook-1.8.5.tgz",
			"integrity": "sha512-agsAaXJWoM9vOSVmKVYGPYT5IEzz4Upz0yWRva4L0mT+eObcesIrcMCnLLM+iGfweqC5exfDMm7BHUjTwoiGPg==",
			"dev": true,
			"hasInstallScript": true,
			"license": "MIT",
			"bin": {
				"lefthook": "bin/index.js"
			},
			"optionalDependencies": {
				"lefthook-darwin-arm64": "1.8.5",
				"lefthook-darwin-x64": "1.8.5",
				"lefthook-freebsd-arm64": "1.8.5",
				"lefthook-freebsd-x64": "1.8.5",
				"lefthook-linux-arm64": "1.8.5",
				"lefthook-linux-x64": "1.8.5",
				"lefthook-openbsd-arm64": "1.8.5",
				"lefthook-openbsd-x64": "1.8.5",
				"lefthook-windows-arm64": "1.8.5",
				"lefthook-windows-x64": "1.8.5"
			}
		},
		"node_modules/lefthook-darwin-arm64": {
			"version": "1.8.5",
			"resolved": "https://registry.npmjs.org/lefthook-darwin-arm64/-/lefthook-darwin-arm64-1.8.5.tgz",
			"integrity": "sha512-BXUcE+2TTkYRGhMB+6HwAbxhK72L4kFKbukb74VfSk9HYBFb/7IQXyUgsB2dik3LSTcDcl9SgOayzeLU9EqmGw==",
			"cpu": [
				"arm64"
			],
			"dev": true,
			"license": "MIT",
			"optional": true,
			"os": [
				"darwin"
			]
		},
		"node_modules/lefthook-darwin-x64": {
			"version": "1.8.5",
			"resolved": "https://registry.npmjs.org/lefthook-darwin-x64/-/lefthook-darwin-x64-1.8.5.tgz",
			"integrity": "sha512-xkjYwVlJBQiJALR9jJi6MpIF161z6Td3gyVJoGII95h9hETYZV2J7ox4PUGufE5EV8P0AXWveWo8cJWhWVbssw==",
			"cpu": [
				"x64"
			],
			"dev": true,
			"license": "MIT",
			"optional": true,
			"os": [
				"darwin"
			]
		},
		"node_modules/lefthook-freebsd-arm64": {
			"version": "1.8.5",
			"resolved": "https://registry.npmjs.org/lefthook-freebsd-arm64/-/lefthook-freebsd-arm64-1.8.5.tgz",
			"integrity": "sha512-kL8+HxjAtMco824pZkBJiA3+q4djldNNw06atzgAxyy8/Kj+2NjlIaez88NPQHE4hAVMqtURzmRtnaruaRtT1g==",
			"cpu": [
				"arm64"
			],
			"dev": true,
			"license": "MIT",
			"optional": true,
			"os": [
				"freebsd"
			]
		},
		"node_modules/lefthook-freebsd-x64": {
			"version": "1.8.5",
			"resolved": "https://registry.npmjs.org/lefthook-freebsd-x64/-/lefthook-freebsd-x64-1.8.5.tgz",
			"integrity": "sha512-fQfSUbAQVhLalZFl6sFGJQVBJK9EsQpmXrv1Qunhi8QOY/f07a2onsWb+jI9sp31ITTe2Jtzu0h31ZCBqTWxQw==",
			"cpu": [
				"x64"
			],
			"dev": true,
			"license": "MIT",
			"optional": true,
			"os": [
				"freebsd"
			]
		},
		"node_modules/lefthook-linux-arm64": {
			"version": "1.8.5",
			"resolved": "https://registry.npmjs.org/lefthook-linux-arm64/-/lefthook-linux-arm64-1.8.5.tgz",
			"integrity": "sha512-gnBonAc3Heq+Sd+MzSbtLmZkYzSDZ+tTpLAfq2Q62qnVEZpWXFd3qfS2up5a7oUEDNcos7OHDqebSbowpNilZA==",
			"cpu": [
				"arm64"
			],
			"dev": true,
			"license": "MIT",
			"optional": true,
			"os": [
				"linux"
			]
		},
		"node_modules/lefthook-linux-x64": {
			"version": "1.8.5",
			"resolved": "https://registry.npmjs.org/lefthook-linux-x64/-/lefthook-linux-x64-1.8.5.tgz",
			"integrity": "sha512-lLsbnXy58Syw6VMJS554HbfrBKUZ0mBWvDbr0DGoDBvFyxtvv5kFMbF/ZlRpLKl7Ds9IqCCCW0NpsjsixX4Z+A==",
			"cpu": [
				"x64"
			],
			"dev": true,
			"license": "MIT",
			"optional": true,
			"os": [
				"linux"
			]
		},
		"node_modules/lefthook-openbsd-arm64": {
			"version": "1.8.5",
			"resolved": "https://registry.npmjs.org/lefthook-openbsd-arm64/-/lefthook-openbsd-arm64-1.8.5.tgz",
			"integrity": "sha512-g3XFw/0q0T0Zd1vpPCO5l+ryFIyf+v/FFVPVb6HKvpDI4BYLFVzsZeVGzRiWZt1oJ0DI9qrrvdG4uJJBs4tSDQ==",
			"cpu": [
				"arm64"
			],
			"dev": true,
			"license": "MIT",
			"optional": true,
			"os": [
				"openbsd"
			]
		},
		"node_modules/lefthook-openbsd-x64": {
			"version": "1.8.5",
			"resolved": "https://registry.npmjs.org/lefthook-openbsd-x64/-/lefthook-openbsd-x64-1.8.5.tgz",
			"integrity": "sha512-GmfnPUMMxa/ckHS2L7zIobWusaUmDWZU0zQj016QXGYS4SN8l5ZRU/ht4Tg6bbQSO6HYhWcyfIXB1XjPJPpG7w==",
			"cpu": [
				"x64"
			],
			"dev": true,
			"license": "MIT",
			"optional": true,
			"os": [
				"openbsd"
			]
		},
		"node_modules/lefthook-windows-arm64": {
			"version": "1.8.5",
			"resolved": "https://registry.npmjs.org/lefthook-windows-arm64/-/lefthook-windows-arm64-1.8.5.tgz",
			"integrity": "sha512-e+6QAYD7PCsfVtPtnOMSC8PUiwnLCE9xCZq+dIK65/W/Ow84lSzHBR67Wl5MI3RiiGF2g8kulG+U1YZobXbdxQ==",
			"cpu": [
				"arm64"
			],
			"dev": true,
			"license": "MIT",
			"optional": true,
			"os": [
				"win32"
			]
		},
		"node_modules/lefthook-windows-x64": {
			"version": "1.8.5",
			"resolved": "https://registry.npmjs.org/lefthook-windows-x64/-/lefthook-windows-x64-1.8.5.tgz",
			"integrity": "sha512-NPZwHbSWuGmYe5EEjkQbvRaotPW9/maKK7kexqrHxjzL/mOaoHSEYlW6ByPz2RB+bvgoTCkNRXlPiDDoDSYv+w==",
			"cpu": [
				"x64"
			],
			"dev": true,
			"license": "MIT",
			"optional": true,
			"os": [
				"win32"
			]
		},
		"node_modules/tunnel": {
			"version": "0.0.6",
			"resolved": "https://registry.npmjs.org/tunnel/-/tunnel-0.0.6.tgz",
			"integrity": "sha512-1h/Lnq9yajKY2PEbBadPXj3VxsDDu844OnaAo52UVmIzIvwwtBPIuNvkjuzBlTWpfJyUbG3ez0KSBibQkj4ojg==",
			"license": "MIT",
			"engines": {
				"node": ">=0.6.11 <=0.7.0 || >=0.7.3"
			}
		},
		"node_modules/typescript": {
			"version": "5.7.2",
			"resolved": "https://registry.npmjs.org/typescript/-/typescript-5.7.2.tgz",
			"integrity": "sha512-i5t66RHxDvVN40HfDd1PsEThGNnlMCMT3jMUuoh9/0TaqWevNontacunWyN02LA9/fIbEWlcHZcgTKb9QoaLfg==",
			"dev": true,
			"license": "Apache-2.0",
			"bin": {
				"tsc": "bin/tsc",
				"tsserver": "bin/tsserver"
			},
			"engines": {
				"node": ">=14.17"
			}
		},
		"node_modules/undici": {
			"version": "5.28.4",
			"resolved": "https://registry.npmjs.org/undici/-/undici-5.28.4.tgz",
			"integrity": "sha512-72RFADWFqKmUb2hmmvNODKL3p9hcB6Gt2DOQMis1SEBaV6a4MH8soBvzg+95CYhCKPFedut2JY9bMfrDl9D23g==",
			"license": "MIT",
			"dependencies": {
				"@fastify/busboy": "^2.0.0"
			},
			"engines": {
				"node": ">=14.0"
			}
		},
		"node_modules/undici-types": {
			"version": "6.20.0",
			"resolved": "https://registry.npmjs.org/undici-types/-/undici-types-6.20.0.tgz",
			"integrity": "sha512-Ny6QZ2Nju20vw1SRHe3d9jVu6gJ+4e3+MMpqu7pqE5HT6WsTSlce++GQmK5UXS8mzV8DSYHrQH+Xrf2jVcuKNg==",
			"dev": true,
			"license": "MIT"
		}
	}
}
