{
	"name": "mozilla-observatory-action",
	"version": "1.0.0",
	"lockfileVersion": 3,
	"requires": true,
	"packages": {
		"": {
			"name": "mozilla-observatory-action",
			"version": "1.0.0",
			"license": "ISC",
			"dependencies": {
				"@actions/core": "^1.11.1"
			},
			"devDependencies": {
				"@types/node": "^22.14.0",
				"@vercel/ncc": "^0.38.3",
				"lefthook": "^1.11.7",
				"typescript": "^5.8.3"
			}
		},
		"node_modules/@actions/core": {
			"version": "1.11.1",
			"resolved": "https://registry.npmjs.org/@actions/core/-/core-1.11.1.tgz",
			"integrity": "sha512-hXJCSrkwfA46Vd9Z3q4cpEpHB1rL5NG04+/rbqW9d3+CSvtB1tYe8UTpAlixa1vj0m/ULglfEK2UKxMGxCxv5A==",
			"license": "MIT",
			"dependencies": {
				"@actions/exec": "^1.1.1",
				"@actions/http-client": "^2.0.1"
			}
		},
		"node_modules/@actions/exec": {
			"version": "1.1.1",
			"resolved": "https://registry.npmjs.org/@actions/exec/-/exec-1.1.1.tgz",
			"integrity": "sha512-+sCcHHbVdk93a0XT19ECtO/gIXoxvdsgQLzb2fE2/5sIZmWQuluYyjPQtrtTHdU1YzTZ7bAPN4sITq2xi1679w==",
			"license": "MIT",
			"dependencies": {
				"@actions/io": "^1.0.1"
			}
		},
		"node_modules/@actions/http-client": {
			"version": "2.2.3",
			"resolved": "https://registry.npmjs.org/@actions/http-client/-/http-client-2.2.3.tgz",
			"integrity": "sha512-mx8hyJi/hjFvbPokCg4uRd4ZX78t+YyRPtnKWwIl+RzNaVuFpQHfmlGVfsKEJN8LwTCvL+DfVgAM04XaHkm6bA==",
			"license": "MIT",
			"dependencies": {
				"tunnel": "^0.0.6",
				"undici": "^5.25.4"
			}
		},
		"node_modules/@actions/io": {
			"version": "1.1.3",
			"resolved": "https://registry.npmjs.org/@actions/io/-/io-1.1.3.tgz",
			"integrity": "sha512-wi9JjgKLYS7U/z8PPbco+PvTb/nRWjeoFlJ1Qer83k/3C5PHQi28hiVdeE2kHXmIL99mQFawx8qt/JPjZilJ8Q==",
			"license": "MIT"
		},
		"node_modules/@fastify/busboy": {
			"version": "2.1.1",
			"resolved": "https://registry.npmjs.org/@fastify/busboy/-/busboy-2.1.1.tgz",
			"integrity": "sha512-vBZP4NlzfOlerQTnba4aqZoMhE/a9HY7HRqoOPaETQcSQuWEIyZMHGfVu6w9wGtGK5fED5qRs2DteVCjOH60sA==",
			"license": "MIT",
			"engines": {
				"node": ">=14"
			}
		},
		"node_modules/@types/node": {
			"version": "22.14.0",
			"resolved": "https://registry.npmjs.org/@types/node/-/node-22.14.0.tgz",
			"integrity": "sha512-Kmpl+z84ILoG+3T/zQFyAJsU6EPTmOCj8/2+83fSN6djd6I4o7uOuGIH6vq3PrjY5BGitSbFuMN18j3iknubbA==",
			"dev": true,
			"license": "MIT",
			"dependencies": {
				"undici-types": "~6.21.0"
			}
		},
		"node_modules/@vercel/ncc": {
			"version": "0.38.3",
			"resolved": "https://registry.npmjs.org/@vercel/ncc/-/ncc-0.38.3.tgz",
			"integrity": "sha512-rnK6hJBS6mwc+Bkab+PGPs9OiS0i/3kdTO+CkI8V0/VrW3vmz7O2Pxjw/owOlmo6PKEIxRSeZKv/kuL9itnpYA==",
			"dev": true,
			"license": "MIT",
			"bin": {
				"ncc": "dist/ncc/cli.js"
			}
		},
		"node_modules/lefthook": {
			"version": "1.11.7",
			"resolved": "https://registry.npmjs.org/lefthook/-/lefthook-1.11.7.tgz",
			"integrity": "sha512-74gu0g/o1KmnHPgbGnIgZB0d9dNWHrc7RV095noelttV4TaMwO3AKe6h9oCSHadA4PoomwEgS9Cny7++ikRmzg==",
			"dev": true,
			"hasInstallScript": true,
			"license": "MIT",
			"bin": {
				"lefthook": "bin/index.js"
			},
			"optionalDependencies": {
				"lefthook-darwin-arm64": "1.11.7",
				"lefthook-darwin-x64": "1.11.7",
				"lefthook-freebsd-arm64": "1.11.7",
				"lefthook-freebsd-x64": "1.11.7",
				"lefthook-linux-arm64": "1.11.7",
				"lefthook-linux-x64": "1.11.7",
				"lefthook-openbsd-arm64": "1.11.7",
				"lefthook-openbsd-x64": "1.11.7",
				"lefthook-windows-arm64": "1.11.7",
				"lefthook-windows-x64": "1.11.7"
			}
		},
		"node_modules/lefthook-darwin-arm64": {
			"version": "1.11.7",
			"resolved": "https://registry.npmjs.org/lefthook-darwin-arm64/-/lefthook-darwin-arm64-1.11.7.tgz",
			"integrity": "sha512-tLIyaYhgKowZMBMC3acuIE4WpeevOtI4M/KPGCoY5HR4uekD66nF+MicQqI+HHyT538powOFENE85XEW5YBa5A==",
			"cpu": [
				"arm64"
			],
			"dev": true,
			"license": "MIT",
			"optional": true,
			"os": [
				"darwin"
			]
		},
		"node_modules/lefthook-darwin-x64": {
			"version": "1.11.7",
			"resolved": "https://registry.npmjs.org/lefthook-darwin-x64/-/lefthook-darwin-x64-1.11.7.tgz",
			"integrity": "sha512-/Q/Elwn9dsQqSppsztG3YlVMrMiHqFKWstaPpwCEaAKL9q7Kymc/Gi+mG5zb02k0gqBGpQp+/3NnG7jaXCr+yA==",
			"cpu": [
				"x64"
			],
			"dev": true,
			"license": "MIT",
			"optional": true,
			"os": [
				"darwin"
			]
		},
		"node_modules/lefthook-freebsd-arm64": {
			"version": "1.11.7",
			"resolved": "https://registry.npmjs.org/lefthook-freebsd-arm64/-/lefthook-freebsd-arm64-1.11.7.tgz",
			"integrity": "sha512-bxRHJqooqJ050Mxmub2tAHX7TXyei4KlJ6zTTQr2Nm0wbO/78Pyd4JKVNAI2mwweV7DhWy9N3BNiQvNiZtj3FA==",
			"cpu": [
				"arm64"
			],
			"dev": true,
			"license": "MIT",
			"optional": true,
			"os": [
				"freebsd"
			]
		},
		"node_modules/lefthook-freebsd-x64": {
			"version": "1.11.7",
			"resolved": "https://registry.npmjs.org/lefthook-freebsd-x64/-/lefthook-freebsd-x64-1.11.7.tgz",
			"integrity": "sha512-j6n3HePzWflYX61GVUqAxtk0F+BSLwlvawyzphR1y5GldX7JpFMUokA/hIQy2LSPSNQuwXJ/V1HMAB1dD0mO9Q==",
			"cpu": [
				"x64"
			],
			"dev": true,
			"license": "MIT",
			"optional": true,
			"os": [
				"freebsd"
			]
		},
		"node_modules/lefthook-linux-arm64": {
			"version": "1.11.7",
			"resolved": "https://registry.npmjs.org/lefthook-linux-arm64/-/lefthook-linux-arm64-1.11.7.tgz",
			"integrity": "sha512-06WMyiecNQyiSdYm04h5O/UdkUJcbr81SI1ZnRxOyo3hIwcgXMH+o1Vpmj4+C0tPLfaOIUt/HUwsyifRh0spHQ==",
			"cpu": [
				"arm64"
			],
			"dev": true,
			"license": "MIT",
			"optional": true,
			"os": [
				"linux"
			]
		},
		"node_modules/lefthook-linux-x64": {
			"version": "1.11.7",
			"resolved": "https://registry.npmjs.org/lefthook-linux-x64/-/lefthook-linux-x64-1.11.7.tgz",
			"integrity": "sha512-Ov1Tw6MWt45RK5KV4ytS51Fa68f/LAmXZe3+hHjBO9pLVV2ThQgMw2b/H5FCTsO3yB63jF3ZjqVWrjGrq4KJ9Q==",
			"cpu": [
				"x64"
			],
			"dev": true,
			"license": "MIT",
			"optional": true,
			"os": [
				"linux"
			]
		},
		"node_modules/lefthook-openbsd-arm64": {
			"version": "1.11.7",
			"resolved": "https://registry.npmjs.org/lefthook-openbsd-arm64/-/lefthook-openbsd-arm64-1.11.7.tgz",
			"integrity": "sha512-908bxsvDapflisA/WpvyKqL30dIIpGiDS8GaTRMvHcZGbs/T04zuLHBaT+kKUSOOPMQS0KAyjyBuZFQE+k5EBQ==",
			"cpu": [
				"arm64"
			],
			"dev": true,
			"license": "MIT",
			"optional": true,
			"os": [
				"openbsd"
			]
		},
		"node_modules/lefthook-openbsd-x64": {
			"version": "1.11.7",
			"resolved": "https://registry.npmjs.org/lefthook-openbsd-x64/-/lefthook-openbsd-x64-1.11.7.tgz",
			"integrity": "sha512-bkclgZyGJTHdYHrOO45nIgeNzo5SwiKKAWC9tnotpIJzP08yQSaLtwrmeohCro1Xy4jGy6Ndoh2Xer/0xGerig==",
			"cpu": [
				"x64"
			],
			"dev": true,
			"license": "MIT",
			"optional": true,
			"os": [
				"openbsd"
			]
		},
		"node_modules/lefthook-windows-arm64": {
			"version": "1.11.7",
			"resolved": "https://registry.npmjs.org/lefthook-windows-arm64/-/lefthook-windows-arm64-1.11.7.tgz",
			"integrity": "sha512-9/0XG/Joth69T4Z1o2J6d+IsTb443CKDjvdXkW+pVZQKlsCLJNkuwufTWRXxazOr4glyfKXE7lwGnNRsutbPMQ==",
			"cpu": [
				"arm64"
			],
			"dev": true,
			"license": "MIT",
			"optional": true,
			"os": [
				"win32"
			]
		},
		"node_modules/lefthook-windows-x64": {
			"version": "1.11.7",
			"resolved": "https://registry.npmjs.org/lefthook-windows-x64/-/lefthook-windows-x64-1.11.7.tgz",
			"integrity": "sha512-VEMal4pogl1kWR/iSQZpxNRdqoplRSqfriwDRbRWmwHjosWZlOk5on6noySiuwkryX0LVZFRiQmwFoJxdisQ4g==",
			"cpu": [
				"x64"
			],
			"dev": true,
			"license": "MIT",
			"optional": true,
			"os": [
				"win32"
			]
		},
		"node_modules/tunnel": {
			"version": "0.0.6",
			"resolved": "https://registry.npmjs.org/tunnel/-/tunnel-0.0.6.tgz",
			"integrity": "sha512-1h/Lnq9yajKY2PEbBadPXj3VxsDDu844OnaAo52UVmIzIvwwtBPIuNvkjuzBlTWpfJyUbG3ez0KSBibQkj4ojg==",
			"license": "MIT",
			"engines": {
				"node": ">=0.6.11 <=0.7.0 || >=0.7.3"
			}
		},
		"node_modules/typescript": {
			"version": "5.8.3",
			"resolved": "https://registry.npmjs.org/typescript/-/typescript-5.8.3.tgz",
			"integrity": "sha512-p1diW6TqL9L07nNxvRMM7hMMw4c5XOo/1ibL4aAIGmSAt9slTE1Xgw5KWuof2uTOvCg9BY7ZRi+GaF+7sfgPeQ==",
			"dev": true,
			"license": "Apache-2.0",
			"bin": {
				"tsc": "bin/tsc",
				"tsserver": "bin/tsserver"
			},
			"engines": {
				"node": ">=14.17"
			}
		},
		"node_modules/undici": {
			"version": "5.29.0",
			"resolved": "https://registry.npmjs.org/undici/-/undici-5.29.0.tgz",
			"integrity": "sha512-raqeBD6NQK4SkWhQzeYKd1KmIG6dllBOTt55Rmkt4HtI9mwdWtJljnrXjAFUBLTSN67HWrOIZ3EPF4kjUw80Bg==",
			"license": "MIT",
			"dependencies": {
				"@fastify/busboy": "^2.0.0"
			},
			"engines": {
				"node": ">=14.0"
			}
		},
		"node_modules/undici-types": {
			"version": "6.21.0",
			"resolved": "https://registry.npmjs.org/undici-types/-/undici-types-6.21.0.tgz",
			"integrity": "sha512-iwDZqg0QAGrg9Rav5H4n0M64c3mkR59cJ6wQp+7C4nI0gsmExaedaYLNO44eT4AtBBwjbTiGPMlt2Md0T9H9JQ==",
			"dev": true,
			"license": "MIT"
		}
	}
}
